{
  "name": "play",
  "version": "0.0.0",
  "lockfileVersion": 2,
  "requires": true,
  "packages": {
    "": {
      "version": "0.0.0",
      "dependencies": {
        "vue": "^3.2.29"
      },
      "devDependencies": {
        "@vitejs/plugin-vue": "^2.1.0",
        "typescript": "^4.5.5",
        "unplugin-auto-import": "^0.5.11",
        "unplugin-vue-components": "^0.17.15",
        "vite": "^2.7.13",
        "vue-tsc": "^0.29.8"
      }
    },
    "../node_modules/.pnpm/@vitejs+plugin-vue@2.1.0_vite@2.7.13+vue@3.2.29/node_modules/@vitejs/plugin-vue": {
      "version": "2.1.0",
      "dev": true,
      "license": "MIT",
      "devDependencies": {
        "@rollup/pluginutils": "^4.1.2",
        "@types/hash-sum": "^1.0.0",
        "debug": "^4.3.3",
        "hash-sum": "^2.0.0",
        "rollup": "^2.59.0",
        "slash": "^4.0.0",
        "source-map": "^0.6.1",
        "vue": "^3.2.26"
      },
      "engines": {
        "node": ">=12.0.0"
      },
      "peerDependencies": {
        "vite": "^2.5.10",
        "vue": "^3.2.25"
      }
    },
    "../node_modules/.pnpm/typescript@4.5.5/node_modules/typescript": {
      "version": "4.5.5",
      "dev": true,
      "license": "Apache-2.0",
      "bin": {
        "tsc": "bin/tsc",
        "tsserver": "bin/tsserver"
      },
      "devDependencies": {
        "@octokit/rest": "latest",
        "@types/browserify": "latest",
        "@types/chai": "latest",
        "@types/convert-source-map": "latest",
        "@types/glob": "latest",
        "@types/gulp": "^4.0.9",
        "@types/gulp-concat": "latest",
        "@types/gulp-newer": "latest",
        "@types/gulp-rename": "0.0.33",
        "@types/gulp-sourcemaps": "0.0.32",
        "@types/jake": "latest",
        "@types/merge2": "latest",
        "@types/microsoft__typescript-etw": "latest",
        "@types/minimatch": "latest",
        "@types/minimist": "latest",
        "@types/mkdirp": "latest",
        "@types/mocha": "latest",
        "@types/ms": "latest",
        "@types/node": "latest",
        "@types/node-fetch": "^2.3.4",
        "@types/q": "latest",
        "@types/source-map-support": "latest",
        "@types/through2": "latest",
        "@types/xml2js": "^0.4.0",
        "@typescript-eslint/eslint-plugin": "^4.28.0",
        "@typescript-eslint/experimental-utils": "^4.28.0",
        "@typescript-eslint/parser": "^4.28.0",
        "async": "latest",
        "azure-devops-node-api": "^11.0.1",
        "browser-resolve": "^1.11.2",
        "browserify": "latest",
        "chai": "latest",
        "chalk": "^4.1.2",
        "convert-source-map": "latest",
        "del": "5.1.0",
        "diff": "^4.0.2",
        "eslint": "7.12.1",
        "eslint-formatter-autolinkable-stylish": "1.1.4",
        "eslint-plugin-import": "2.22.1",
        "eslint-plugin-jsdoc": "30.7.6",
        "eslint-plugin-no-null": "1.0.2",
        "fancy-log": "latest",
        "fs-extra": "^9.0.0",
        "glob": "latest",
        "gulp": "^4.0.0",
        "gulp-concat": "latest",
        "gulp-insert": "latest",
        "gulp-newer": "latest",
        "gulp-rename": "latest",
        "gulp-sourcemaps": "latest",
        "merge2": "latest",
        "minimist": "latest",
        "mkdirp": "latest",
        "mocha": "latest",
        "mocha-fivemat-progress-reporter": "latest",
        "ms": "^2.1.3",
        "node-fetch": "^2.6.1",
        "plugin-error": "latest",
        "pretty-hrtime": "^1.0.3",
        "prex": "^0.4.3",
        "q": "latest",
        "source-map-support": "latest",
        "through2": "latest",
        "typescript": "^4.2.3",
        "vinyl": "latest",
        "vinyl-sourcemaps-apply": "latest",
        "xml2js": "^0.4.19"
      },
      "engines": {
        "node": ">=4.2.0"
      }
    },
    "../node_modules/.pnpm/unplugin-auto-import@0.5.11_vite@2.7.13/node_modules/unplugin-auto-import": {
      "version": "0.5.11",
      "dev": true,
      "license": "MIT",
      "dependencies": {
        "@antfu/utils": "^0.4.0",
        "@rollup/pluginutils": "^4.1.2",
        "local-pkg": "^0.4.1",
        "magic-string": "^0.25.7",
        "resolve": "^1.21.0",
        "unplugin": "^0.3.0"
      },
      "devDependencies": {
        "@antfu/eslint-config": "^0.15.0",
        "@antfu/ni": "^0.12.0",
        "@types/node": "^17.0.8",
        "@types/resolve": "^1.20.1",
        "bumpp": "^7.1.1",
        "eslint": "^8.6.0",
        "esno": "^0.13.0",
        "fast-glob": "^3.2.10",
        "rollup": "^2.63.0",
        "tsup": "^5.11.1",
        "typescript": "^4.5.4",
        "vite": "^2.7.10",
        "vitest": "^0.0.141",
        "webpack": "^5.66.0"
      },
      "engines": {
        "node": ">=14"
      },
      "funding": {
        "url": "https://github.com/sponsors/antfu"
      },
      "peerDependencies": {
        "@vueuse/core": "*"
      },
      "peerDependenciesMeta": {
        "@vueuse/core": {
          "optional": true
        }
      }
    },
    "../node_modules/.pnpm/unplugin-vue-components@0.17.15_vite@2.7.13+vue@3.2.29/node_modules/unplugin-vue-components": {
      "version": "0.17.15",
      "dev": true,
      "license": "MIT",
      "dependencies": {
        "@antfu/utils": "^0.4.0",
        "@rollup/pluginutils": "^4.1.2",
        "chokidar": "^3.5.2",
        "debug": "^4.3.3",
        "fast-glob": "^3.2.11",
        "local-pkg": "^0.4.1",
        "magic-string": "^0.25.7",
        "minimatch": "^3.0.4",
        "resolve": "^1.21.0",
        "unplugin": "^0.3.0"
      },
      "devDependencies": {
        "@antfu/eslint-config": "^0.16.0",
        "@babel/parser": "^7.16.8",
        "@babel/traverse": "^7.16.8",
        "@babel/types": "^7.16.8",
        "@types/debug": "^4.1.7",
        "@types/minimatch": "^3.0.5",
        "@types/node": "^17.0.8",
        "@types/resolve": "^1.20.1",
        "@typescript-eslint/eslint-plugin": "^5.9.1",
        "bumpp": "^7.1.1",
        "compare-versions": "^4.1.3",
        "element-plus": "^1.1.0-beta.24",
        "eslint": "^8.7.0",
        "esno": "^0.14.0",
        "rollup": "^2.64.0",
        "tsup": "5.7.4",
        "typescript": "^4.5.4",
        "vite": "^2.7.12",
        "vitest": "^0.1.17",
        "vue": "3.2.26"
      },
      "engines": {
        "node": ">=14"
      },
      "funding": {
        "url": "https://github.com/sponsors/antfu"
      },
      "peerDependencies": {
        "@babel/parser": "^7.15.8",
        "@babel/traverse": "^7.15.4",
        "vue": "2 || 3"
      },
      "peerDependenciesMeta": {
        "@babel/parser": {
          "optional": true
        },
        "@babel/traverse": {
          "optional": true
        }
      }
    },
    "../node_modules/.pnpm/vite@2.7.13/node_modules/vite": {
      "version": "2.7.13",
      "dev": true,
      "license": "MIT",
      "dependencies": {
        "esbuild": "^0.13.12",
        "postcss": "^8.4.5",
        "resolve": "^1.20.0",
        "rollup": "^2.59.0"
      },
      "bin": {
        "vite": "bin/vite.js"
      },
      "devDependencies": {
        "@ampproject/remapping": "^1.0.2",
        "@babel/parser": "^7.16.6",
        "@babel/types": "^7.16.0",
        "@rollup/plugin-alias": "^3.1.8",
        "@rollup/plugin-commonjs": "^21.0.1",
        "@rollup/plugin-dynamic-import-vars": "^1.4.1",
        "@rollup/plugin-json": "^4.1.0",
        "@rollup/plugin-node-resolve": "13.1.1",
        "@rollup/plugin-typescript": "^8.3.0",
        "@rollup/pluginutils": "^4.1.2",
        "@types/convert-source-map": "^1.5.2",
        "@types/debug": "^4.1.7",
        "@types/estree": "^0.0.50",
        "@types/etag": "^1.8.1",
        "@types/less": "^3.0.3",
        "@types/micromatch": "^4.0.2",
        "@types/mime": "^2.0.3",
        "@types/node": "^16.11.14",
        "@types/resolve": "^1.20.1",
        "@types/sass": "~1.43.1",
        "@types/stylus": "^0.48.36",
        "@types/ws": "^8.2.2",
        "@vue/compiler-dom": "^3.2.26",
        "acorn": "^8.7.0",
        "cac": "6.7.9",
        "chalk": "^4.1.2",
        "chokidar": "^3.5.2",
        "compression": "^1.7.4",
        "connect": "^3.7.0",
        "connect-history-api-fallback": "^1.6.0",
        "convert-source-map": "^1.8.0",
        "cors": "^2.8.5",
        "debug": "^4.3.3",
        "dotenv": "^10.0.0",
        "dotenv-expand": "^5.1.0",
        "es-module-lexer": "^0.9.3",
        "estree-walker": "^2.0.2",
        "etag": "^1.8.1",
        "execa": "^5.1.1",
        "fast-glob": "^3.2.7",
        "http-proxy": "^1.18.1",
        "launch-editor-middleware": "^2.3.0",
        "magic-string": "^0.25.7",
        "micromatch": "^4.0.4",
        "mime": "^3.0.0",
        "okie": "^1.0.1",
        "open": "^8.4.0",
        "periscopic": "^2.0.3",
        "postcss-import": "^14.0.2",
        "postcss-load-config": "^3.1.0",
        "postcss-modules": "^4.2.2",
        "resolve.exports": "^1.1.0",
        "rollup-plugin-license": "^2.6.0",
        "selfsigned": "^1.10.11",
        "sirv": "^1.0.19",
        "source-map": "^0.6.1",
        "source-map-support": "^0.5.21",
        "strip-ansi": "^6.0.1",
        "terser": "^5.10.0",
        "tsconfck": "1.1.1",
        "tslib": "^2.3.1",
        "types": "link:./types",
        "ws": "^8.3.0"
      },
      "engines": {
        "node": ">=12.2.0"
      },
      "optionalDependencies": {
        "fsevents": "~2.3.2"
      },
      "peerDependencies": {
        "less": "*",
        "sass": "*",
        "stylus": "*"
      },
      "peerDependenciesMeta": {
        "less": {
          "optional": true
        },
        "sass": {
          "optional": true
        },
        "stylus": {
          "optional": true
        }
      }
    },
    "../node_modules/.pnpm/vue-tsc@0.29.8_typescript@4.5.5/node_modules/vue-tsc": {
      "version": "0.29.8",
      "dev": true,
      "license": "MIT",
      "dependencies": {
        "@volar/shared": "0.29.8",
        "vscode-vue-languageservice": "0.29.8"
      },
      "bin": {
        "vue-tsc": "bin/vue-tsc.js"
      },
      "peerDependencies": {
        "typescript": "*"
      }
    },
    "../node_modules/.pnpm/vue@3.2.29/node_modules/vue": {
      "version": "3.2.29",
      "license": "MIT",
      "dependencies": {
        "@vue/compiler-dom": "3.2.29",
        "@vue/compiler-sfc": "3.2.29",
        "@vue/runtime-dom": "3.2.29",
        "@vue/server-renderer": "3.2.29",
        "@vue/shared": "3.2.29"
      }
    },
    "node_modules/@vitejs/plugin-vue": {
      "resolved": "../node_modules/.pnpm/@vitejs+plugin-vue@2.1.0_vite@2.7.13+vue@3.2.29/node_modules/@vitejs/plugin-vue",
      "link": true
    },
    "node_modules/typescript": {
      "resolved": "../node_modules/.pnpm/typescript@4.5.5/node_modules/typescript",
      "link": true
    },
    "node_modules/unplugin-auto-import": {
      "resolved": "../node_modules/.pnpm/unplugin-auto-import@0.5.11_vite@2.7.13/node_modules/unplugin-auto-import",
      "link": true
    },
    "node_modules/unplugin-vue-components": {
      "resolved": "../node_modules/.pnpm/unplugin-vue-components@0.17.15_vite@2.7.13+vue@3.2.29/node_modules/unplugin-vue-components",
      "link": true
    },
    "node_modules/vite": {
      "resolved": "../node_modules/.pnpm/vite@2.7.13/node_modules/vite",
      "link": true
    },
    "node_modules/vue": {
      "resolved": "../node_modules/.pnpm/vue@3.2.29/node_modules/vue",
      "link": true
    },
    "node_modules/vue-tsc": {
      "resolved": "../node_modules/.pnpm/vue-tsc@0.29.8_typescript@4.5.5/node_modules/vue-tsc",
      "link": true
    }
  },
  "dependencies": {
    "@vitejs/plugin-vue": {
      "version": "file:../node_modules/.pnpm/@vitejs+plugin-vue@2.1.0_vite@2.7.13+vue@3.2.29/node_modules/@vitejs/plugin-vue",
      "requires": {
        "@rollup/pluginutils": "^4.1.2",
        "@types/hash-sum": "^1.0.0",
        "debug": "^4.3.3",
        "hash-sum": "^2.0.0",
        "rollup": "^2.59.0",
        "slash": "^4.0.0",
        "source-map": "^0.6.1",
        "vue": "^3.2.26"
      }
    },
    "typescript": {
      "version": "file:../node_modules/.pnpm/typescript@4.5.5/node_modules/typescript",
      "requires": {
        "@octokit/rest": "latest",
        "@types/browserify": "latest",
        "@types/chai": "latest",
        "@types/convert-source-map": "latest",
        "@types/glob": "latest",
        "@types/gulp": "^4.0.9",
        "@types/gulp-concat": "latest",
        "@types/gulp-newer": "latest",
        "@types/gulp-rename": "0.0.33",
        "@types/gulp-sourcemaps": "0.0.32",
        "@types/jake": "latest",
        "@types/merge2": "latest",
        "@types/microsoft__typescript-etw": "latest",
        "@types/minimatch": "latest",
        "@types/minimist": "latest",
        "@types/mkdirp": "latest",
        "@types/mocha": "latest",
        "@types/ms": "latest",
        "@types/node": "latest",
        "@types/node-fetch": "^2.3.4",
        "@types/q": "latest",
        "@types/source-map-support": "latest",
        "@types/through2": "latest",
        "@types/xml2js": "^0.4.0",
        "@typescript-eslint/eslint-plugin": "^4.28.0",
        "@typescript-eslint/experimental-utils": "^4.28.0",
        "@typescript-eslint/parser": "^4.28.0",
        "async": "latest",
        "azure-devops-node-api": "^11.0.1",
        "browser-resolve": "^1.11.2",
        "browserify": "latest",
        "chai": "latest",
        "chalk": "^4.1.2",
        "convert-source-map": "latest",
        "del": "5.1.0",
        "diff": "^4.0.2",
        "eslint": "7.12.1",
        "eslint-formatter-autolinkable-stylish": "1.1.4",
        "eslint-plugin-import": "2.22.1",
        "eslint-plugin-jsdoc": "30.7.6",
        "eslint-plugin-no-null": "1.0.2",
        "fancy-log": "latest",
        "fs-extra": "^9.0.0",
        "glob": "latest",
        "gulp": "^4.0.0",
        "gulp-concat": "latest",
        "gulp-insert": "latest",
        "gulp-newer": "latest",
        "gulp-rename": "latest",
        "gulp-sourcemaps": "latest",
        "merge2": "latest",
        "minimist": "latest",
        "mkdirp": "latest",
        "mocha": "latest",
        "mocha-fivemat-progress-reporter": "latest",
        "ms": "^2.1.3",
        "node-fetch": "^2.6.1",
        "plugin-error": "latest",
        "pretty-hrtime": "^1.0.3",
        "prex": "^0.4.3",
        "q": "latest",
        "source-map-support": "latest",
        "through2": "latest",
        "typescript": "^4.2.3",
        "vinyl": "latest",
        "vinyl-sourcemaps-apply": "latest",
        "xml2js": "^0.4.19"
      }
    },
    "unplugin-auto-import": {
      "version": "file:../node_modules/.pnpm/unplugin-auto-import@0.5.11_vite@2.7.13/node_modules/unplugin-auto-import",
      "requires": {
        "@antfu/eslint-config": "^0.15.0",
        "@antfu/ni": "^0.12.0",
        "@antfu/utils": "^0.4.0",
        "@rollup/pluginutils": "^4.1.2",
        "@types/node": "^17.0.8",
        "@types/resolve": "^1.20.1",
        "bumpp": "^7.1.1",
        "eslint": "^8.6.0",
        "esno": "^0.13.0",
        "fast-glob": "^3.2.10",
        "local-pkg": "^0.4.1",
        "magic-string": "^0.25.7",
        "resolve": "^1.21.0",
        "rollup": "^2.63.0",
        "tsup": "^5.11.1",
        "typescript": "^4.5.4",
        "unplugin": "^0.3.0",
        "vite": "^2.7.10",
        "vitest": "^0.0.141",
        "webpack": "^5.66.0"
      }
    },
    "unplugin-vue-components": {
      "version": "file:../node_modules/.pnpm/unplugin-vue-components@0.17.15_vite@2.7.13+vue@3.2.29/node_modules/unplugin-vue-components",
      "requires": {
        "@antfu/eslint-config": "^0.16.0",
        "@antfu/utils": "^0.4.0",
        "@babel/parser": "^7.16.8",
        "@babel/traverse": "^7.16.8",
        "@babel/types": "^7.16.8",
        "@rollup/pluginutils": "^4.1.2",
        "@types/debug": "^4.1.7",
        "@types/minimatch": "^3.0.5",
        "@types/node": "^17.0.8",
        "@types/resolve": "^1.20.1",
        "@typescript-eslint/eslint-plugin": "^5.9.1",
        "bumpp": "^7.1.1",
        "chokidar": "^3.5.2",
        "compare-versions": "^4.1.3",
        "debug": "^4.3.3",
        "element-plus": "^1.1.0-beta.24",
        "eslint": "^8.7.0",
        "esno": "^0.14.0",
        "fast-glob": "^3.2.11",
        "local-pkg": "^0.4.1",
        "magic-string": "^0.25.7",
        "minimatch": "^3.0.4",
        "resolve": "^1.21.0",
        "rollup": "^2.64.0",
        "tsup": "5.7.4",
        "typescript": "^4.5.4",
        "unplugin": "^0.3.0",
        "vite": "^2.7.12",
        "vitest": "^0.1.17",
        "vue": "3.2.26"
      }
    },
    "vite": {
      "version": "file:../node_modules/.pnpm/vite@2.7.13/node_modules/vite",
      "requires": {
        "@ampproject/remapping": "^1.0.2",
        "@babel/parser": "^7.16.6",
        "@babel/types": "^7.16.0",
        "@rollup/plugin-alias": "^3.1.8",
        "@rollup/plugin-commonjs": "^21.0.1",
        "@rollup/plugin-dynamic-import-vars": "^1.4.1",
        "@rollup/plugin-json": "^4.1.0",
        "@rollup/plugin-node-resolve": "13.1.1",
        "@rollup/plugin-typescript": "^8.3.0",
        "@rollup/pluginutils": "^4.1.2",
        "@types/convert-source-map": "^1.5.2",
        "@types/debug": "^4.1.7",
        "@types/estree": "^0.0.50",
        "@types/etag": "^1.8.1",
        "@types/less": "^3.0.3",
        "@types/micromatch": "^4.0.2",
        "@types/mime": "^2.0.3",
        "@types/node": "^16.11.14",
        "@types/resolve": "^1.20.1",
        "@types/sass": "~1.43.1",
        "@types/stylus": "^0.48.36",
        "@types/ws": "^8.2.2",
        "@vue/compiler-dom": "^3.2.26",
        "acorn": "^8.7.0",
        "cac": "6.7.9",
        "chalk": "^4.1.2",
        "chokidar": "^3.5.2",
        "compression": "^1.7.4",
        "connect": "^3.7.0",
        "connect-history-api-fallback": "^1.6.0",
        "convert-source-map": "^1.8.0",
        "cors": "^2.8.5",
        "debug": "^4.3.3",
        "dotenv": "^10.0.0",
        "dotenv-expand": "^5.1.0",
        "es-module-lexer": "^0.9.3",
        "esbuild": "^0.13.12",
        "estree-walker": "^2.0.2",
        "etag": "^1.8.1",
        "execa": "^5.1.1",
        "fast-glob": "^3.2.7",
        "fsevents": "~2.3.2",
        "http-proxy": "^1.18.1",
        "launch-editor-middleware": "^2.3.0",
        "magic-string": "^0.25.7",
        "micromatch": "^4.0.4",
        "mime": "^3.0.0",
        "okie": "^1.0.1",
        "open": "^8.4.0",
        "periscopic": "^2.0.3",
        "postcss": "^8.4.5",
        "postcss-import": "^14.0.2",
        "postcss-load-config": "^3.1.0",
        "postcss-modules": "^4.2.2",
        "resolve": "^1.20.0",
        "resolve.exports": "^1.1.0",
        "rollup": "^2.59.0",
        "rollup-plugin-license": "^2.6.0",
        "selfsigned": "^1.10.11",
        "sirv": "^1.0.19",
        "source-map": "^0.6.1",
        "source-map-support": "^0.5.21",
        "strip-ansi": "^6.0.1",
        "terser": "^5.10.0",
        "tsconfck": "1.1.1",
        "tslib": "^2.3.1",
        "types": "link:./types",
        "ws": "^8.3.0"
      }
    },
    "vue": {
      "version": "file:../node_modules/.pnpm/vue@3.2.29/node_modules/vue",
      "requires": {
        "@vue/compiler-dom": "3.2.29",
        "@vue/compiler-sfc": "3.2.29",
        "@vue/runtime-dom": "3.2.29",
        "@vue/server-renderer": "3.2.29",
        "@vue/shared": "3.2.29"
      }
    },
    "vue-tsc": {
      "version": "file:../node_modules/.pnpm/vue-tsc@0.29.8_typescript@4.5.5/node_modules/vue-tsc",
      "requires": {
        "@volar/shared": "0.29.8",
        "vscode-vue-languageservice": "0.29.8"
      }
    }
  }
}
